// !$*UTF8*$!
{
	archiveVersion = 1;
	classes = {
	};
	objectVersion = 50;
	objects = {

/* Begin PBXBuildFile section */
		7C7420EC217F0F8200F9B608 /* AppDelegate.swift in Sources */ = {isa = PBXBuildFile; fileRef = 7C7420EB217F0F8200F9B608 /* AppDelegate.swift */; };
		7C7420F1217F0F8200F9B608 /* Main.storyboard in Resources */ = {isa = PBXBuildFile; fileRef = 7C7420EF217F0F8200F9B608 /* Main.storyboard */; };
		7C7420F3217F0F8300F9B608 /* Assets.xcassets in Resources */ = {isa = PBXBuildFile; fileRef = 7C7420F2217F0F8300F9B608 /* Assets.xcassets */; };
		7C7420F6217F0F8300F9B608 /* LaunchScreen.storyboard in Resources */ = {isa = PBXBuildFile; fileRef = 7C7420F4217F0F8300F9B608 /* LaunchScreen.storyboard */; };
		CE73649D21A08D7900EB2AE5 /* Default-568h@2x.png in Resources */ = {isa = PBXBuildFile; fileRef = CE73649C21A08D7900EB2AE5 /* Default-568h@2x.png */; };
		CECCACED21A033140009706F /* ShareViewController.swift in Sources */ = {isa = PBXBuildFile; fileRef = CECCACE721A033130009706F /* ShareViewController.swift */; };
		CECCACEE21A033140009706F /* MainViewController.swift in Sources */ = {isa = PBXBuildFile; fileRef = CECCACE821A033130009706F /* MainViewController.swift */; };
		CECCACEF21A033140009706F /* CustomTableViewCell.swift in Sources */ = {isa = PBXBuildFile; fileRef = CECCACE921A033130009706F /* CustomTableViewCell.swift */; };
		CECCACF121A033140009706F /* PostViewController.swift in Sources */ = {isa = PBXBuildFile; fileRef = CECCACEB21A033140009706F /* PostViewController.swift */; };
		CECCACF621A06DB00009706F /* DataManager.swift in Sources */ = {isa = PBXBuildFile; fileRef = CECCACF521A06DB00009706F /* DataManager.swift */; };
		CECCACFC21A073F00009706F /* PostModel.swift in Sources */ = {isa = PBXBuildFile; fileRef = CECCACFB21A073F00009706F /* PostModel.swift */; };
		CECCAD0021A07E8C0009706F /* DataProtocol.swift in Sources */ = {isa = PBXBuildFile; fileRef = CECCACFF21A07E8C0009706F /* DataProtocol.swift */; };
/* End PBXBuildFile section */

/* Begin PBXFileReference section */
		7C7420E8217F0F8200F9B608 /* MultithreadingProject.app */ = {isa = PBXFileReference; explicitFileType = wrapper.application; includeInIndex = 0; path = MultithreadingProject.app; sourceTree = BUILT_PRODUCTS_DIR; };
		7C7420EB217F0F8200F9B608 /* AppDelegate.swift */ = {isa = PBXFileReference; lastKnownFileType = sourcecode.swift; path = AppDelegate.swift; sourceTree = "<group>"; };
		7C7420F0217F0F8200F9B608 /* Base */ = {isa = PBXFileReference; lastKnownFileType = file.storyboard; name = Base; path = Base.lproj/Main.storyboard; sourceTree = "<group>"; };
		7C7420F2217F0F8300F9B608 /* Assets.xcassets */ = {isa = PBXFileReference; lastKnownFileType = folder.assetcatalog; path = Assets.xcassets; sourceTree = "<group>"; };
		7C7420F5217F0F8300F9B608 /* Base */ = {isa = PBXFileReference; lastKnownFileType = file.storyboard; name = Base; path = Base.lproj/LaunchScreen.storyboard; sourceTree = "<group>"; };
		CE73649C21A08D7900EB2AE5 /* Default-568h@2x.png */ = {isa = PBXFileReference; lastKnownFileType = image.png; path = "Default-568h@2x.png"; sourceTree = "<group>"; };
		CECCACE721A033130009706F /* ShareViewController.swift */ = {isa = PBXFileReference; fileEncoding = 4; lastKnownFileType = sourcecode.swift; path = ShareViewController.swift; sourceTree = "<group>"; };
		CECCACE821A033130009706F /* MainViewController.swift */ = {isa = PBXFileReference; fileEncoding = 4; lastKnownFileType = sourcecode.swift; path = MainViewController.swift; sourceTree = "<group>"; };
		CECCACE921A033130009706F /* CustomTableViewCell.swift */ = {isa = PBXFileReference; fileEncoding = 4; lastKnownFileType = sourcecode.swift; path = CustomTableViewCell.swift; sourceTree = "<group>"; };
		CECCACEB21A033140009706F /* PostViewController.swift */ = {isa = PBXFileReference; fileEncoding = 4; lastKnownFileType = sourcecode.swift; path = PostViewController.swift; sourceTree = "<group>"; };
		CECCACF521A06DB00009706F /* DataManager.swift */ = {isa = PBXFileReference; lastKnownFileType = sourcecode.swift; path = DataManager.swift; sourceTree = "<group>"; };
		CECCACFB21A073F00009706F /* PostModel.swift */ = {isa = PBXFileReference; fileEncoding = 4; lastKnownFileType = sourcecode.swift; path = PostModel.swift; sourceTree = "<group>"; };
		CECCACFF21A07E8C0009706F /* DataProtocol.swift */ = {isa = PBXFileReference; lastKnownFileType = sourcecode.swift; path = DataProtocol.swift; sourceTree = "<group>"; };
/* End PBXFileReference section */

/* Begin PBXFrameworksBuildPhase section */
		7C7420E5217F0F8200F9B608 /* Frameworks */ = {
			isa = PBXFrameworksBuildPhase;
			buildActionMask = 2147483647;
			files = (
			);
			runOnlyForDeploymentPostprocessing = 0;
		};
/* End PBXFrameworksBuildPhase section */

/* Begin PBXGroup section */
		7C7420DF217F0F8200F9B608 = {
			isa = PBXGroup;
			children = (
				CE73649C21A08D7900EB2AE5 /* Default-568h@2x.png */,
				7C7420EA217F0F8200F9B608 /* MultithreadingProject */,
				7C7420E9217F0F8200F9B608 /* Products */,
			);
			sourceTree = "<group>";
		};
		7C7420E9217F0F8200F9B608 /* Products */ = {
			isa = PBXGroup;
			children = (
				7C7420E8217F0F8200F9B608 /* MultithreadingProject.app */,
			);
			name = Products;
			sourceTree = "<group>";
		};
		7C7420EA217F0F8200F9B608 /* MultithreadingProject */ = {
			isa = PBXGroup;
			children = (
				CECCACE921A033130009706F /* CustomTableViewCell.swift */,
				CECCACFB21A073F00009706F /* PostModel.swift */,
				CECCACE821A033130009706F /* MainViewController.swift */,
				CECCACEB21A033140009706F /* PostViewController.swift */,
				CECCACE721A033130009706F /* ShareViewController.swift */,
				7C7420EB217F0F8200F9B608 /* AppDelegate.swift */,
				7C7420EF217F0F8200F9B608 /* Main.storyboard */,
				CECCACF521A06DB00009706F /* DataManager.swift */,
				7C7420F2217F0F8300F9B608 /* Assets.xcassets */,
				7C7420F4217F0F8300F9B608 /* LaunchScreen.storyboard */,
				CECCACFF21A07E8C0009706F /* DataProtocol.swift */,
			);
			path = MultithreadingProject;
			sourceTree = "<group>";
		};
/* End PBXGroup section */

/* Begin PBXNativeTarget section */
		7C7420E7217F0F8200F9B608 /* MultithreadingProject */ = {
			isa = PBXNativeTarget;
			buildConfigurationList = 7C7420FA217F0F8300F9B608 /* Build configuration list for PBXNativeTarget "MultithreadingProject" */;
			buildPhases = (
				7C7420E4217F0F8200F9B608 /* Sources */,
				7C7420E5217F0F8200F9B608 /* Frameworks */,
				7C7420E6217F0F8200F9B608 /* Resources */,
			);
			buildRules = (
			);
			dependencies = (
			);
			name = MultithreadingProject;
			productName = MultithreadingProject;
			productReference = 7C7420E8217F0F8200F9B608 /* MultithreadingProject.app */;
			productType = "com.apple.product-type.application";
		};
/* End PBXNativeTarget section */

/* Begin PBXProject section */
		7C7420E0217F0F8200F9B608 /* Project object */ = {
			isa = PBXProject;
			attributes = {
				LastSwiftUpdateCheck = 1000;
				LastUpgradeCheck = 1000;
				ORGANIZATIONNAME = "Ильдар Залялов";
				TargetAttributes = {
					7C7420E7217F0F8200F9B608 = {
						CreatedOnToolsVersion = 10.0;
					};
				};
			};
			buildConfigurationList = 7C7420E3217F0F8200F9B608 /* Build configuration list for PBXProject "MultithreadingProject" */;
			compatibilityVersion = "Xcode 9.3";
			developmentRegion = en;
			hasScannedForEncodings = 0;
			knownRegions = (
				en,
				Base,
			);
			mainGroup = 7C7420DF217F0F8200F9B608;
			productRefGroup = 7C7420E9217F0F8200F9B608 /* Products */;
			projectDirPath = "";
			projectRoot = "";
			targets = (
				7C7420E7217F0F8200F9B608 /* MultithreadingProject */,
			);
		};
/* End PBXProject section */

/* Begin PBXResourcesBuildPhase section */
		7C7420E6217F0F8200F9B608 /* Resources */ = {
			isa = PBXResourcesBuildPhase;
			buildActionMask = 2147483647;
			files = (
				7C7420F6217F0F8300F9B608 /* LaunchScreen.storyboard in Resources */,
				CE73649D21A08D7900EB2AE5 /* Default-568h@2x.png in Resources */,
				7C7420F3217F0F8300F9B608 /* Assets.xcassets in Resources */,
				7C7420F1217F0F8200F9B608 /* Main.storyboard in Resources */,
			);
			runOnlyForDeploymentPostprocessing = 0;
		};
/* End PBXResourcesBuildPhase section */

/* Begin PBXSourcesBuildPhase section */
		7C7420E4217F0F8200F9B608 /* Sources */ = {
			isa = PBXSourcesBuildPhase;
			buildActionMask = 2147483647;
			files = (
				CECCACF121A033140009706F /* PostViewController.swift in Sources */,
				CECCAD0021A07E8C0009706F /* DataProtocol.swift in Sources */,
				CECCACF621A06DB00009706F /* DataManager.swift in Sources */,
				CECCACFC21A073F00009706F /* PostModel.swift in Sources */,
				CECCACED21A033140009706F /* ShareViewController.swift in Sources */,
				CECCACEF21A033140009706F /* CustomTableViewCell.swift in Sources */,
				7C7420EC217F0F8200F9B608 /* AppDelegate.swift in Sources */,
				CECCACEE21A033140009706F /* MainViewController.swift in Sources */,
			);
			runOnlyForDeploymentPostprocessing = 0;
		};
/* End PBXSourcesBuildPhase section */

/* Begin PBXVariantGroup section */
		7C7420EF217F0F8200F9B608 /* Main.storyboard */ = {
			isa = PBXVariantGroup;
			children = (
				7C7420F0217F0F8200F9B608 /* Base */,
			);
			name = Main.storyboard;
			sourceTree = "<group>";
		};
		7C7420F4217F0F8300F9B608 /* LaunchScreen.storyboard */ = {
			isa = PBXVariantGroup;
			children = (
				7C7420F5217F0F8300F9B608 /* Base */,
			);
			name = LaunchScreen.storyboard;
			sourceTree = "<group>";
		};
/* End PBXVariantGroup section */

/* Begin XCBuildConfiguration section */
		7C7420F8217F0F8300F9B608 /* Debug */ = {
			isa = XCBuildConfiguration;
			buildSettings = {
				ALWAYS_SEARCH_USER_PATHS = NO;
				CLANG_ANALYZER_NONNULL = YES;
				CLANG_ANALYZER_NUMBER_OBJECT_CONVERSION = YES_AGGRESSIVE;
				CLANG_CXX_LANGUAGE_STANDARD = "gnu++14";
				CLANG_CXX_LIBRARY = "libc++";
				CLANG_ENABLE_MODULES = YES;
				CLANG_ENABLE_OBJC_ARC = YES;
				CLANG_ENABLE_OBJC_WEAK = YES;
				CLANG_WARN_BLOCK_CAPTURE_AUTORELEASING = YES;
				CLANG_WARN_BOOL_CONVERSION = YES;
				CLANG_WARN_COMMA = YES;
				CLANG_WARN_CONSTANT_CONVERSION = YES;
				CLANG_WARN_DEPRECATED_OBJC_IMPLEMENTATIONS = YES;
				CLANG_WARN_DIRECT_OBJC_ISA_USAGE = YES_ERROR;
				CLANG_WARN_DOCUMENTATION_COMMENTS = YES;
				CLANG_WARN_EMPTY_BODY = YES;
				CLANG_WARN_ENUM_CONVERSION = YES;
				CLANG_WARN_INFINITE_RECURSION = YES;
				CLANG_WARN_INT_CONVERSION = YES;
				CLANG_WARN_NON_LITERAL_NULL_CONVERSION = YES;
				CLANG_WARN_OBJC_IMPLICIT_RETAIN_SELF = YES;
				CLANG_WARN_OBJC_LITERAL_CONVERSION = YES;
				CLANG_WARN_OBJC_ROOT_CLASS = YES_ERROR;
				CLANG_WARN_RANGE_LOOP_ANALYSIS = YES;
				CLANG_WARN_STRICT_PROTOTYPES = YES;
				CLANG_WARN_SUSPICIOUS_MOVE = YES;
				CLANG_WARN_UNGUARDED_AVAILABILITY = YES_AGGRESSIVE;
				CLANG_WARN_UNREACHABLE_CODE = YES;
				CLANG_WARN__DUPLICATE_METHOD_MATCH = YES;
				CODE_SIGN_IDENTITY = "iPhone Developer";
				COPY_PHASE_STRIP = NO;
				DEBUG_INFORMATION_FORMAT = dwarf;
				ENABLE_STRICT_OBJC_MSGSEND = YES;
				ENABLE_TESTABILITY = YES;
				GCC_C_LANGUAGE_STANDARD = gnu11;
				GCC_DYNAMIC_NO_PIC = NO;
				GCC_NO_COMMON_BLOCKS = YES;
				GCC_OPTIMIZATION_LEVEL = 0;
				GCC_PREPROCESSOR_DEFINITIONS = (
					"DEBUG=1",
					"$(inherited)",
				);
				GCC_WARN_64_TO_32_BIT_CONVERSION = YES;
				GCC_WARN_ABOUT_RETURN_TYPE = YES_ERROR;
				GCC_WARN_UNDECLARED_SELECTOR = YES;
				GCC_WARN_UNINITIALIZED_AUTOS = YES_AGGRESSIVE;
				GCC_WARN_UNUSED_FUNCTION = YES;
				GCC_WARN_UNUSED_VARIABLE = YES;
				IPHONEOS_DEPLOYMENT_TARGET = 12.0;
				MTL_ENABLE_DEBUG_INFO = INCLUDE_SOURCE;
				MTL_FAST_MATH = YES;
				ONLY_ACTIVE_ARCH = YES;
				SDKROOT = iphoneos;
				SWIFT_ACTIVE_COMPILATION_CONDITIONS = DEBUG;
				SWIFT_OPTIMIZATION_LEVEL = "-Onone";
			};
			name = Debug;
		};
		7C7420F9217F0F8300F9B608 /* Release */ = {
			isa = XCBuildConfiguration;
			buildSettings = {
				ALWAYS_SEARCH_USER_PATHS = NO;
				CLANG_ANALYZER_NONNULL = YES;
				CLANG_ANALYZER_NUMBER_OBJECT_CONVERSION = YES_AGGRESSIVE;
				CLANG_CXX_LANGUAGE_STANDARD = "gnu++14";
				CLANG_CXX_LIBRARY = "libc++";
				CLANG_ENABLE_MODULES = YES;
				CLANG_ENABLE_OBJC_ARC = YES;
				CLANG_ENABLE_OBJC_WEAK = YES;
				CLANG_WARN_BLOCK_CAPTURE_AUTORELEASING = YES;
				CLANG_WARN_BOOL_CONVERSION = YES;
				CLANG_WARN_COMMA = YES;
				CLANG_WARN_CONSTANT_CONVERSION = YES;
				CLANG_WARN_DEPRECATED_OBJC_IMPLEMENTATIONS = YES;
				CLANG_WARN_DIRECT_OBJC_ISA_USAGE = YES_ERROR;
				CLANG_WARN_DOCUMENTATION_COMMENTS = YES;
				CLANG_WARN_EMPTY_BODY = YES;
				CLANG_WARN_ENUM_CONVERSION = YES;
				CLANG_WARN_INFINITE_RECURSION = YES;
				CLANG_WARN_INT_CONVERSION = YES;
				CLANG_WARN_NON_LITERAL_NULL_CONVERSION = YES;
				CLANG_WARN_OBJC_IMPLICIT_RETAIN_SELF = YES;
				CLANG_WARN_OBJC_LITERAL_CONVERSION = YES;
				CLANG_WARN_OBJC_ROOT_CLASS = YES_ERROR;
				CLANG_WARN_RANGE_LOOP_ANALYSIS = YES;
				CLANG_WARN_STRICT_PROTOTYPES = YES;
				CLANG_WARN_SUSPICIOUS_MOVE = YES;
				CLANG_WARN_UNGUARDED_AVAILABILITY = YES_AGGRESSIVE;
				CLANG_WARN_UNREACHABLE_CODE = YES;
				CLANG_WARN__DUPLICATE_METHOD_MATCH = YES;
				CODE_SIGN_IDENTITY = "iPhone Developer";
				COPY_PHASE_STRIP = NO;
				DEBUG_INFORMATION_FORMAT = "dwarf-with-dsym";
				ENABLE_NS_ASSERTIONS = NO;
				ENABLE_STRICT_OBJC_MSGSEND = YES;
				GCC_C_LANGUAGE_STANDARD = gnu11;
				GCC_NO_COMMON_BLOCKS = YES;
				GCC_WARN_64_TO_32_BIT_CONVERSION = YES;
				GCC_WARN_ABOUT_RETURN_TYPE = YES_ERROR;
				GCC_WARN_UNDECLARED_SELECTOR = YES;
				GCC_WARN_UNINITIALIZED_AUTOS = YES_AGGRESSIVE;
				GCC_WARN_UNUSED_FUNCTION = YES;
				GCC_WARN_UNUSED_VARIABLE = YES;
				IPHONEOS_DEPLOYMENT_TARGET = 12.0;
				MTL_ENABLE_DEBUG_INFO = NO;
				MTL_FAST_MATH = YES;
				SDKROOT = iphoneos;
				SWIFT_COMPILATION_MODE = wholemodule;
				SWIFT_OPTIMIZATION_LEVEL = "-O";
				VALIDATE_PRODUCT = YES;
			};
			name = Release;
		};
		7C7420FB217F0F8300F9B608 /* Debug */ = {
			isa = XCBuildConfiguration;
			buildSettings = {
				ASSETCATALOG_COMPILER_APPICON_NAME = AppIcon;
				CODE_SIGN_STYLE = Automatic;
				DEVELOPMENT_TEAM = 7Y74M59BAG;
				INFOPLIST_FILE = MultithreadingProject/Info.plist;
				IPHONEOS_DEPLOYMENT_TARGET = 11.4;
				LD_RUNPATH_SEARCH_PATHS = (
					"$(inherited)",
					"@executable_path/Frameworks",
				);
				PRODUCT_BUNDLE_IDENTIFIER = projectCourse.MultithreadingProject;
				PRODUCT_NAME = "$(TARGET_NAME)";
				SWIFT_VERSION = 4.2;
				TARGETED_DEVICE_FAMILY = 1;
			};
			name = Debug;
		};
		7C7420FC217F0F8300F9B608 /* Release */ = {
			isa = XCBuildConfiguration;
			buildSettings = {
				ASSETCATALOG_COMPILER_APPICON_NAME = AppIcon;
				CODE_SIGN_STYLE = Automatic;
				DEVELOPMENT_TEAM = 7Y74M59BAG;
				INFOPLIST_FILE = MultithreadingProject/Info.plist;
				IPHONEOS_DEPLOYMENT_TARGET = 11.4;
				LD_RUNPATH_SEARCH_PATHS = (
					"$(inherited)",
					"@executable_path/Frameworks",
				);
				PRODUCT_BUNDLE_IDENTIFIER = projectCourse.MultithreadingProject;
				PRODUCT_NAME = "$(TARGET_NAME)";
				SWIFT_VERSION = 4.2;
				TARGETED_DEVICE_FAMILY = 1;
			};
			name = Release;
		};
/* End XCBuildConfiguration section */

/* Begin XCConfigurationList section */
		7C7420E3217F0F8200F9B608 /* Build configuration list for PBXProject "MultithreadingProject" */ = {
			isa = XCConfigurationList;
			buildConfigurations = (
				7C7420F8217F0F8300F9B608 /* Debug */,
				7C7420F9217F0F8300F9B608 /* Release */,
			);
			defaultConfigurationIsVisible = 0;
			defaultConfigurationName = Release;
		};
		7C7420FA217F0F8300F9B608 /* Build configuration list for PBXNativeTarget "MultithreadingProject" */ = {
			isa = XCConfigurationList;
			buildConfigurations = (
				7C7420FB217F0F8300F9B608 /* Debug */,
				7C7420FC217F0F8300F9B608 /* Release */,
			);
			defaultConfigurationIsVisible = 0;
			defaultConfigurationName = Release;
		};
/* End XCConfigurationList section */
	};
	rootObject = 7C7420E0217F0F8200F9B608 /* Project object */;
}
